
Microsoft Visual Studio Solution File, Format Version 12.00
Project("{FAE04EC0-301F-11D3-BF4B-00C04F79EFBC}") = "SimpleSocket.Server", "SimpleSocket.Server\SimpleSocket.Server.csproj", "{BBCB4D92-19DD-48CE-BD32-705244CC16D7}"
EndProject
Project("{FAE04EC0-301F-11D3-BF4B-00C04F79EFBC}") = "SimpleSocket.ConsoleApp", "SimpleSocket.ConsoleApp\SimpleSocket.ConsoleApp.csproj", "{A0C90221-DD79-4FBB-900D-5641A861F2D3}"
EndProject
Project("{FAE04EC0-301F-11D3-BF4B-00C04F79EFBC}") = "SimpleSocket.Test", "SimpleSocket.Test\SimpleSocket.Test.csproj", "{7C541C98-C516-4FD9-86EA-5A6AC78C6148}"
EndProject
Project("{FAE04EC0-301F-11D3-BF4B-00C04F79EFBC}") = "SimpleSocket.Common", "SimpleSocket.Common\SimpleSocket.Common.csproj", "{954F4A5E-D219-4B3E-8F5E-80131D9F8A7C}"
EndProject
Global
	GlobalSection(SolutionConfigurationPlatforms) = preSolution
		Debug|Any CPU = Debug|Any CPU
		Release|Any CPU = Release|Any CPU
	EndGlobalSection
	GlobalSection(ProjectConfigurationPlatforms) = postSolution
		{BBCB4D92-19DD-48CE-BD32-705244CC16D7}.Debug|Any CPU.ActiveCfg = Debug|Any CPU
		{BBCB4D92-19DD-48CE-BD32-705244CC16D7}.Debug|Any CPU.Build.0 = Debug|Any CPU
		{BBCB4D92-19DD-48CE-BD32-705244CC16D7}.Release|Any CPU.ActiveCfg = Release|Any CPU
		{BBCB4D92-19DD-48CE-BD32-705244CC16D7}.Release|Any CPU.Build.0 = Release|Any CPU
		{A0C90221-DD79-4FBB-900D-5641A861F2D3}.Debug|Any CPU.ActiveCfg = Debug|Any CPU
		{A0C90221-DD79-4FBB-900D-5641A861F2D3}.Debug|Any CPU.Build.0 = Debug|Any CPU
		{A0C90221-DD79-4FBB-900D-5641A861F2D3}.Release|Any CPU.ActiveCfg = Release|Any CPU
		{A0C90221-DD79-4FBB-900D-5641A861F2D3}.Release|Any CPU.Build.0 = Release|Any CPU
		{7C541C98-C516-4FD9-86EA-5A6AC78C6148}.Debug|Any CPU.ActiveCfg = Debug|Any CPU
		{7C541C98-C516-4FD9-86EA-5A6AC78C6148}.Debug|Any CPU.Build.0 = Debug|Any CPU
		{7C541C98-C516-4FD9-86EA-5A6AC78C6148}.Release|Any CPU.ActiveCfg = Release|Any CPU
		{7C541C98-C516-4FD9-86EA-5A6AC78C6148}.Release|Any CPU.Build.0 = Release|Any CPU
		{954F4A5E-D219-4B3E-8F5E-80131D9F8A7C}.Debug|Any CPU.ActiveCfg = Debug|Any CPU
		{954F4A5E-D219-4B3E-8F5E-80131D9F8A7C}.Debug|Any CPU.Build.0 = Debug|Any CPU
		{954F4A5E-D219-4B3E-8F5E-80131D9F8A7C}.Release|Any CPU.ActiveCfg = Release|Any CPU
		{954F4A5E-D219-4B3E-8F5E-80131D9F8A7C}.Release|Any CPU.Build.0 = Release|Any CPU
	EndGlobalSection
EndGlobal
